
Microsoft Visual Studio Solution File, Format Version 12.00
# Visual Studio Version 17
VisualStudioVersion = 17.3.32804.467
MinimumVisualStudioVersion = 10.0.40219.1
Project("{9A19103F-16F7-4668-BE54-9A1E7A4F7556}") = "TourPlanner", "TourPlanner\TourPlanner.csproj", "{69DDF88A-C84A-410A-8DB0-93EEBF2AA946}"
EndProject
Project("{9A19103F-16F7-4668-BE54-9A1E7A4F7556}") = "TourPlanner.Tests", "TourPlanner.Tests\TourPlanner.Tests.csproj", "{73291BDC-85A8-4A74-8C08-330ABF870AF4}"
EndProject
Project("{C7167F0D-BC9F-4E6E-AFE1-012C56B48DB5}") = "TourPlanner.Package", "TourPlanner.Package\TourPlanner.Package.wapproj", "{CCE32F48-4347-4E4D-A92B-C621972EAD50}"
EndProject
Global
	GlobalSection(SolutionConfigurationPlatforms) = preSolution
		Debug|Any CPU = Debug|Any CPU
		Debug|ARM = Debug|ARM
		Debug|ARM64 = Debug|ARM64
		Debug|x64 = Debug|x64
		Debug|x86 = Debug|x86
		Release|Any CPU = Release|Any CPU
		Release|ARM = Release|ARM
		Release|ARM64 = Release|ARM64
		Release|x64 = Release|x64
		Release|x86 = Release|x86
	EndGlobalSection
	GlobalSection(ProjectConfigurationPlatforms) = postSolution
		{69DDF88A-C84A-410A-8DB0-93EEBF2AA946}.Debug|Any CPU.ActiveCfg = Debug|Any CPU
		{69DDF88A-C84A-410A-8DB0-93EEBF2AA946}.Debug|Any CPU.Build.0 = Debug|Any CPU
		{69DDF88A-C84A-410A-8DB0-93EEBF2AA946}.Debug|ARM.ActiveCfg = Debug|Any CPU
		{69DDF88A-C84A-410A-8DB0-93EEBF2AA946}.Debug|ARM.Build.0 = Debug|Any CPU
		{69DDF88A-C84A-410A-8DB0-93EEBF2AA946}.Debug|ARM64.ActiveCfg = Debug|Any CPU
		{69DDF88A-C84A-410A-8DB0-93EEBF2AA946}.Debug|ARM64.Build.0 = Debug|Any CPU
		{69DDF88A-C84A-410A-8DB0-93EEBF2AA946}.Debug|x64.ActiveCfg = Debug|Any CPU
		{69DDF88A-C84A-410A-8DB0-93EEBF2AA946}.Debug|x64.Build.0 = Debug|Any CPU
		{69DDF88A-C84A-410A-8DB0-93EEBF2AA946}.Debug|x86.ActiveCfg = Debug|Any CPU
		{69DDF88A-C84A-410A-8DB0-93EEBF2AA946}.Debug|x86.Build.0 = Debug|Any CPU
		{69DDF88A-C84A-410A-8DB0-93EEBF2AA946}.Release|Any CPU.ActiveCfg = Release|Any CPU
		{69DDF88A-C84A-410A-8DB0-93EEBF2AA946}.Release|Any CPU.Build.0 = Release|Any CPU
		{69DDF88A-C84A-410A-8DB0-93EEBF2AA946}.Release|ARM.ActiveCfg = Release|Any CPU
		{69DDF88A-C84A-410A-8DB0-93EEBF2AA946}.Release|ARM.Build.0 = Release|Any CPU
		{69DDF88A-C84A-410A-8DB0-93EEBF2AA946}.Release|ARM64.ActiveCfg = Release|Any CPU
		{69DDF88A-C84A-410A-8DB0-93EEBF2AA946}.Release|ARM64.Build.0 = Release|Any CPU
		{69DDF88A-C84A-410A-8DB0-93EEBF2AA946}.Release|x64.ActiveCfg = Release|Any CPU
		{69DDF88A-C84A-410A-8DB0-93EEBF2AA946}.Release|x64.Build.0 = Release|Any CPU
		{69DDF88A-C84A-410A-8DB0-93EEBF2AA946}.Release|x86.ActiveCfg = Release|Any CPU
		{69DDF88A-C84A-410A-8DB0-93EEBF2AA946}.Release|x86.Build.0 = Release|Any CPU
		{73291BDC-85A8-4A74-8C08-330ABF870AF4}.Debug|Any CPU.ActiveCfg = Debug|Any CPU
		{73291BDC-85A8-4A74-8C08-330ABF870AF4}.Debug|Any CPU.Build.0 = Debug|Any CPU
		{73291BDC-85A8-4A74-8C08-330ABF870AF4}.Debug|ARM.ActiveCfg = Debug|Any CPU
		{73291BDC-85A8-4A74-8C08-330ABF870AF4}.Debug|ARM.Build.0 = Debug|Any CPU
		{73291BDC-85A8-4A74-8C08-330ABF870AF4}.Debug|ARM64.ActiveCfg = Debug|Any CPU
		{73291BDC-85A8-4A74-8C08-330ABF870AF4}.Debug|ARM64.Build.0 = Debug|Any CPU
		{73291BDC-85A8-4A74-8C08-330ABF870AF4}.Debug|x64.ActiveCfg = Debug|Any CPU
		{73291BDC-85A8-4A74-8C08-330ABF870AF4}.Debug|x64.Build.0 = Debug|Any CPU
		{73291BDC-85A8-4A74-8C08-330ABF870AF4}.Debug|x86.ActiveCfg = Debug|Any CPU
		{73291BDC-85A8-4A74-8C08-330ABF870AF4}.Debug|x86.Build.0 = Debug|Any CPU
		{73291BDC-85A8-4A74-8C08-330ABF870AF4}.Release|Any CPU.ActiveCfg = Release|Any CPU
		{73291BDC-85A8-4A74-8C08-330ABF870AF4}.Release|Any CPU.Build.0 = Release|Any CPU
		{73291BDC-85A8-4A74-8C08-330ABF870AF4}.Release|ARM.ActiveCfg = Release|Any CPU
		{73291BDC-85A8-4A74-8C08-330ABF870AF4}.Release|ARM.Build.0 = Release|Any CPU
		{73291BDC-85A8-4A74-8C08-330ABF870AF4}.Release|ARM64.ActiveCfg = Release|Any CPU
		{73291BDC-85A8-4A74-8C08-330ABF870AF4}.Release|ARM64.Build.0 = Release|Any CPU
		{73291BDC-85A8-4A74-8C08-330ABF870AF4}.Release|x64.ActiveCfg = Release|Any CPU
		{73291BDC-85A8-4A74-8C08-330ABF870AF4}.Release|x64.Build.0 = Release|Any CPU
		{73291BDC-85A8-4A74-8C08-330ABF870AF4}.Release|x86.ActiveCfg = Release|Any CPU
		{73291BDC-85A8-4A74-8C08-330ABF870AF4}.Release|x86.Build.0 = Release|Any CPU
		{CCE32F48-4347-4E4D-A92B-C621972EAD50}.Debug|Any CPU.ActiveCfg = Debug|Any CPU
		{CCE32F48-4347-4E4D-A92B-C621972EAD50}.Debug|Any CPU.Build.0 = Debug|Any CPU
		{CCE32F48-4347-4E4D-A92B-C621972EAD50}.Debug|Any CPU.Deploy.0 = Debug|Any CPU
		{CCE32F48-4347-4E4D-A92B-C621972EAD50}.Debug|ARM.ActiveCfg = Debug|ARM
		{CCE32F48-4347-4E4D-A92B-C621972EAD50}.Debug|ARM.Build.0 = Debug|ARM
		{CCE32F48-4347-4E4D-A92B-C621972EAD50}.Debug|ARM.Deploy.0 = Debug|ARM
		{CCE32F48-4347-4E4D-A92B-C621972EAD50}.Debug|ARM64.ActiveCfg = Debug|ARM64
		{CCE32F48-4347-4E4D-A92B-C621972EAD50}.Debug|ARM64.Build.0 = Debug|ARM64
		{CCE32F48-4347-4E4D-A92B-C621972EAD50}.Debug|ARM64.Deploy.0 = Debug|ARM64
		{CCE32F48-4347-4E4D-A92B-C621972EAD50}.Debug|x64.ActiveCfg = Debug|x64
		{CCE32F48-4347-4E4D-A92B-C621972EAD50}.Debug|x64.Build.0 = Debug|x64
		{CCE32F48-4347-4E4D-A92B-C621972EAD50}.Debug|x64.Deploy.0 = Debug|x64
		{CCE32F48-4347-4E4D-A92B-C621972EAD50}.Debug|x86.ActiveCfg = Debug|x86
		{CCE32F48-4347-4E4D-A92B-C621972EAD50}.Debug|x86.Build.0 = Debug|x86
		{CCE32F48-4347-4E4D-A92B-C621972EAD50}.Debug|x86.Deploy.0 = Debug|x86
		{CCE32F48-4347-4E4D-A92B-C621972EAD50}.Release|Any CPU.ActiveCfg = Release|Any CPU
		{CCE32F48-4347-4E4D-A92B-C621972EAD50}.Release|Any CPU.Build.0 = Release|Any CPU
		{CCE32F48-4347-4E4D-A92B-C621972EAD50}.Release|Any CPU.Deploy.0 = Release|Any CPU
		{CCE32F48-4347-4E4D-A92B-C621972EAD50}.Release|ARM.ActiveCfg = Release|ARM
		{CCE32F48-4347-4E4D-A92B-C621972EAD50}.Release|ARM.Build.0 = Release|ARM
		{CCE32F48-4347-4E4D-A92B-C621972EAD50}.Release|ARM.Deploy.0 = Release|ARM
		{CCE32F48-4347-4E4D-A92B-C621972EAD50}.Release|ARM64.ActiveCfg = Release|ARM64
		{CCE32F48-4347-4E4D-A92B-C621972EAD50}.Release|ARM64.Build.0 = Release|ARM64
		{CCE32F48-4347-4E4D-A92B-C621972EAD50}.Release|ARM64.Deploy.0 = Release|ARM64
		{CCE32F48-4347-4E4D-A92B-C621972EAD50}.Release|x64.ActiveCfg = Release|x64
		{CCE32F48-4347-4E4D-A92B-C621972EAD50}.Release|x64.Build.0 = Release|x64
		{CCE32F48-4347-4E4D-A92B-C621972EAD50}.Release|x64.Deploy.0 = Release|x64
		{CCE32F48-4347-4E4D-A92B-C621972EAD50}.Release|x86.ActiveCfg = Release|x86
		{CCE32F48-4347-4E4D-A92B-C621972EAD50}.Release|x86.Build.0 = Release|x86
		{CCE32F48-4347-4E4D-A92B-C621972EAD50}.Release|x86.Deploy.0 = Release|x86
	EndGlobalSection
	GlobalSection(SolutionProperties) = preSolution
		HideSolutionNode = FALSE
	EndGlobalSection
	GlobalSection(ExtensibilityGlobals) = postSolution
		SolutionGuid = {75B431F2-7618-49CC-B8C6-12DC15D1B190}
	EndGlobalSection
EndGlobal
